
Microsoft Visual Studio Solution File, Format Version 12.00
# Visual Studio 2012
Project("{FAE04EC0-301F-11D3-BF4B-00C04F79EFBC}") = "JsonSample", "JsonSample\JsonSample.csproj", "{614AAF87-2429-4F8A-A15A-6FC6738254A9}"
EndProject
Global
	GlobalSection(SolutionConfigurationPlatforms) = preSolution
		Debug|Any CPU = Debug|Any CPU
		Release|Any CPU = Release|Any CPU
	EndGlobalSection
	GlobalSection(ProjectConfigurationPlatforms) = postSolution
		{614AAF87-2429-4F8A-A15A-6FC6738254A9}.Debug|Any CPU.ActiveCfg = Debug|Any CPU
		{614AAF87-2429-4F8A-A15A-6FC6738254A9}.Debug|Any CPU.Build.0 = Debug|Any CPU
		{614AAF87-2429-4F8A-A15A-6FC6738254A9}.Release|Any CPU.ActiveCfg = Release|Any CPU
		{614AAF87-2429-4F8A-A15A-6FC6738254A9}.Release|Any CPU.Build.0 = Release|Any CPU
	EndGlobalSection
EndGlobal
