
Microsoft Visual Studio Solution File, Format Version 12.00
# Visual Studio 2017
Project("{FAE04EC0-301F-11D3-BF4B-00C04F79EFBC}") = "JsonSample", "JsonSample.csproj", "{EA70EC87-4B94-41C8-93EF-9E2326B29944}"
EndProject
Global
	GlobalSection(SolutionConfigurationPlatforms) = preSolution
		Debug|Any CPU = Debug|Any CPU
		Release|Any CPU = Release|Any CPU
	EndGlobalSection
	GlobalSection(ProjectConfigurationPlatforms) = postSolution
		{EA70EC87-4B94-41C8-93EF-9E2326B29944}.Debug|Any CPU.ActiveCfg = Debug|Any CPU
		{EA70EC87-4B94-41C8-93EF-9E2326B29944}.Debug|Any CPU.Build.0 = Debug|Any CPU
		{EA70EC87-4B94-41C8-93EF-9E2326B29944}.Release|Any CPU.ActiveCfg = Release|Any CPU
		{EA70EC87-4B94-41C8-93EF-9E2326B29944}.Release|Any CPU.Build.0 = Release|Any CPU
	EndGlobalSection
EndGlobal
